<?xml version="1.0" encoding="utf-8"?>
<Project ToolsVersion="4.0" xmlns="http://schemas.microsoft.com/developer/msbuild/2003">
  <ItemGroup>
    <Filter Include="Source Files">
      <UniqueIdentifier>{4FC737F1-C7A5-4376-A066-2A32D752A2FF}</UniqueIdentifier>
      <Extensions>cpp;c;cc;cxx;c++;cppm;ixx;def;odl;idl;hpj;bat;asm;asmx</Extensions>
    </Filter>
    <Filter Include="Header Files">
      <UniqueIdentifier>{93995380-89BD-4b04-88EB-625FBE52EBFB}</UniqueIdentifier>
      <Extensions>h;hh;hpp;hxx;h++;hm;inl;inc;ipp;xsd</Extensions>
    </Filter>
    <Filter Include="Resource Files">
      <UniqueIdentifier>{67DA6AB6-F800-4c08-8B7A-83BB121AAD01}</UniqueIdentifier>
      <Extensions>rc;ico;cur;bmp;dlg;rc2;rct;bin;rgs;gif;jpg;jpeg;jpe;resx;tiff;tif;png;wav;mfcribbon-ms</Extensions>
    </Filter>
    <Filter Include="Resource Files\materials">
      <UniqueIdentifier>{e4de6cb9-4d8d-444c-9e47-8655a8c21593}</UniqueIdentifier>
    </Filter>
  </ItemGroup>
  <ItemGroup>
    <ClCompile Include="main.cpp">
      <Filter>Source Files</Filter>
    </ClCompile>
    <ClCompile Include="services\displayFunctionsCMD.cpp">
      <Filter>Source Files</Filter>
    </ClCompile>
    <ClCompile Include="services\userDataManagement.cpp">
      <Filter>Source Files</Filter>
    </ClCompile>
  </ItemGroup>
  <ItemGroup>
    <ClInclude Include="services\precompiler.h">
      <Filter>Header Files</Filter>
    </ClInclude>
    <ClInclude Include="services\displayFunctionsCMD.h">
      <Filter>Header Files</Filter>
    </ClInclude>
    <ClInclude Include="services\userDataManagement.h">
      <Filter>Header Files</Filter>
    </ClInclude>
  </ItemGroup>
  <ItemGroup>
    <Text Include="database\users-students.txt">
      <Filter>Resource Files</Filter>
    </Text>
    <Text Include="database\users-teachers.txt">
      <Filter>Resource Files</Filter>
    </Text>
    <Text Include="database\materials\admin-ban-list.txt">
      <Filter>Resource Files\materials</Filter>
    </Text>
    <Text Include="database\materials\book-library.txt">
      <Filter>Resource Files\materials</Filter>
    </Text>
    <Text Include="database\materials\teacher-assignments.txt">
      <Filter>Resource Files\materials</Filter>
    </Text>
  </ItemGroup>
</Project>